
Microsoft Visual Studio Solution File, Format Version 12.00
# Visual Studio Version 17
VisualStudioVersion = 17.10.35013.160
MinimumVisualStudioVersion = 10.0.40219.1
Project("{9A19103F-16F7-4668-BE54-9A1E7A4F7556}") = "BeatifySOUND.Web.API", "BeatifySOUND.Web.API\BeatifySOUND.Web.API.csproj", "{7D53CFAF-EA24-4129-9E03-6322110E46AE}"
EndProject
Project("{9A19103F-16F7-4668-BE54-9A1E7A4F7556}") = "Beatify.DataBase", "Beatify.DataBase\Beatify.DataBase.csproj", "{548BF5D4-3517-4AC2-A967-1B3163783717}"
EndProject
Project("{FAE04EC0-301F-11D3-BF4B-00C04F79EFBC}") = "Beatify.Test.ConsoleApp", "Beatify.Test.ConsoleApp\Beatify.Test.ConsoleApp.csproj", "{EA8BB2C7-E925-40AF-B411-580D419AEA41}"
EndProject
Project("{FAE04EC0-301F-11D3-BF4B-00C04F79EFBC}") = "Beatify.Domain", "Beatify.Domain\Beatify.Domain.csproj", "{EF8B543E-BB89-4073-A814-AD6C7A84B954}"
EndProject
Project("{FAE04EC0-301F-11D3-BF4B-00C04F79EFBC}") = "Beautify.Application", "Beautify.Application\Beautify.Application.csproj", "{4443DB65-B9EB-46EA-B642-26EB95362078}"
EndProject
Project("{FAE04EC0-301F-11D3-BF4B-00C04F79EFBC}") = "Beautify.PersistenceDb", "Beautify.Persistence\Beautify.PersistenceDb.csproj", "{2A18DAD6-9350-494E-8AAE-23EDA5F1499D}"
EndProject
Project("{2150E333-8FDC-42A3-9474-1A3956D46DE8}") = "TESTing", "TESTing", "{B2AC7802-FF3C-43E0-ACF8-D490A6636DE8}"
EndProject
Project("{2150E333-8FDC-42A3-9474-1A3956D46DE8}") = "CORE", "CORE", "{23FCE13B-6C9F-4016-9324-58F1E4DAE941}"
EndProject
Project("{2150E333-8FDC-42A3-9474-1A3956D46DE8}") = "Persistence", "Persistence", "{438C12A8-3DA4-455D-BBB5-69A036A9FACC}"
EndProject
Project("{2150E333-8FDC-42A3-9474-1A3956D46DE8}") = "Presentation", "Presentation", "{B2078E3B-2E1A-41E2-B895-8CBED224A647}"
EndProject
Global
	GlobalSection(SolutionConfigurationPlatforms) = preSolution
		Debug|Any CPU = Debug|Any CPU
		Release|Any CPU = Release|Any CPU
	EndGlobalSection
	GlobalSection(ProjectConfigurationPlatforms) = postSolution
		{7D53CFAF-EA24-4129-9E03-6322110E46AE}.Debug|Any CPU.ActiveCfg = Debug|Any CPU
		{7D53CFAF-EA24-4129-9E03-6322110E46AE}.Debug|Any CPU.Build.0 = Debug|Any CPU
		{7D53CFAF-EA24-4129-9E03-6322110E46AE}.Release|Any CPU.ActiveCfg = Release|Any CPU
		{7D53CFAF-EA24-4129-9E03-6322110E46AE}.Release|Any CPU.Build.0 = Release|Any CPU
		{548BF5D4-3517-4AC2-A967-1B3163783717}.Debug|Any CPU.ActiveCfg = Debug|Any CPU
		{548BF5D4-3517-4AC2-A967-1B3163783717}.Debug|Any CPU.Build.0 = Debug|Any CPU
		{548BF5D4-3517-4AC2-A967-1B3163783717}.Release|Any CPU.ActiveCfg = Release|Any CPU
		{548BF5D4-3517-4AC2-A967-1B3163783717}.Release|Any CPU.Build.0 = Release|Any CPU
		{EA8BB2C7-E925-40AF-B411-580D419AEA41}.Debug|Any CPU.ActiveCfg = Debug|Any CPU
		{EA8BB2C7-E925-40AF-B411-580D419AEA41}.Debug|Any CPU.Build.0 = Debug|Any CPU
		{EA8BB2C7-E925-40AF-B411-580D419AEA41}.Release|Any CPU.ActiveCfg = Release|Any CPU
		{EA8BB2C7-E925-40AF-B411-580D419AEA41}.Release|Any CPU.Build.0 = Release|Any CPU
		{EF8B543E-BB89-4073-A814-AD6C7A84B954}.Debug|Any CPU.ActiveCfg = Debug|Any CPU
		{EF8B543E-BB89-4073-A814-AD6C7A84B954}.Debug|Any CPU.Build.0 = Debug|Any CPU
		{EF8B543E-BB89-4073-A814-AD6C7A84B954}.Release|Any CPU.ActiveCfg = Release|Any CPU
		{EF8B543E-BB89-4073-A814-AD6C7A84B954}.Release|Any CPU.Build.0 = Release|Any CPU
		{4443DB65-B9EB-46EA-B642-26EB95362078}.Debug|Any CPU.ActiveCfg = Debug|Any CPU
		{4443DB65-B9EB-46EA-B642-26EB95362078}.Debug|Any CPU.Build.0 = Debug|Any CPU
		{4443DB65-B9EB-46EA-B642-26EB95362078}.Release|Any CPU.ActiveCfg = Release|Any CPU
		{4443DB65-B9EB-46EA-B642-26EB95362078}.Release|Any CPU.Build.0 = Release|Any CPU
		{2A18DAD6-9350-494E-8AAE-23EDA5F1499D}.Debug|Any CPU.ActiveCfg = Debug|Any CPU
		{2A18DAD6-9350-494E-8AAE-23EDA5F1499D}.Debug|Any CPU.Build.0 = Debug|Any CPU
		{2A18DAD6-9350-494E-8AAE-23EDA5F1499D}.Release|Any CPU.ActiveCfg = Release|Any CPU
		{2A18DAD6-9350-494E-8AAE-23EDA5F1499D}.Release|Any CPU.Build.0 = Release|Any CPU
	EndGlobalSection
	GlobalSection(SolutionProperties) = preSolution
		HideSolutionNode = FALSE
	EndGlobalSection
	GlobalSection(NestedProjects) = preSolution
		{7D53CFAF-EA24-4129-9E03-6322110E46AE} = {B2078E3B-2E1A-41E2-B895-8CBED224A647}
		{EA8BB2C7-E925-40AF-B411-580D419AEA41} = {B2AC7802-FF3C-43E0-ACF8-D490A6636DE8}
		{EF8B543E-BB89-4073-A814-AD6C7A84B954} = {23FCE13B-6C9F-4016-9324-58F1E4DAE941}
		{4443DB65-B9EB-46EA-B642-26EB95362078} = {23FCE13B-6C9F-4016-9324-58F1E4DAE941}
		{2A18DAD6-9350-494E-8AAE-23EDA5F1499D} = {438C12A8-3DA4-455D-BBB5-69A036A9FACC}
	EndGlobalSection
	GlobalSection(ExtensibilityGlobals) = postSolution
		SolutionGuid = {5518D4AE-BF4C-494A-BA7C-D2034A254427}
	EndGlobalSection
EndGlobal
